
Microsoft Visual Studio Solution File, Format Version 12.00
# Visual Studio Version 17
VisualStudioVersion = 17.6.33723.286
MinimumVisualStudioVersion = 10.0.40219.1
Project("{FAE04EC0-301F-11D3-BF4B-00C04F79EFBC}") = "ehmangadownloader", "parserv2\ehmangadownloader.csproj", "{39634C39-159D-490E-A62D-CCB82D7C1B90}"
EndProject
Global
	GlobalSection(SolutionConfigurationPlatforms) = preSolution
		Debug|Any CPU = Debug|Any CPU
		Release|Any CPU = Release|Any CPU
	EndGlobalSection
	GlobalSection(ProjectConfigurationPlatforms) = postSolution
		{39634C39-159D-490E-A62D-CCB82D7C1B90}.Debug|Any CPU.ActiveCfg = Debug|Any CPU
		{39634C39-159D-490E-A62D-CCB82D7C1B90}.Debug|Any CPU.Build.0 = Debug|Any CPU
		{39634C39-159D-490E-A62D-CCB82D7C1B90}.Release|Any CPU.ActiveCfg = Release|Any CPU
		{39634C39-159D-490E-A62D-CCB82D7C1B90}.Release|Any CPU.Build.0 = Release|Any CPU
	EndGlobalSection
	GlobalSection(SolutionProperties) = preSolution
		HideSolutionNode = FALSE
	EndGlobalSection
	GlobalSection(ExtensibilityGlobals) = postSolution
		SolutionGuid = {64431D6A-AC55-4846-876C-0C70922BC798}
	EndGlobalSection
EndGlobal
